
Microsoft Visual Studio Solution File, Format Version 12.00
# Visual Studio Version 16
VisualStudioVersion = 16.0.30621.155
MinimumVisualStudioVersion = 10.0.40219.1
Project("{FAE04EC0-301F-11D3-BF4B-00C04F79EFBC}") = "7Zip-And-TrueCrypt-Password-Cracker", "7Zip-And-TrueCrypt-Password-Cracker.csproj", "{5B022EB8-2B7F-42F3-A6D6-D4469DA6CE37}"
EndProject
Global
	GlobalSection(SolutionConfigurationPlatforms) = preSolution
		Debug|Any CPU = Debug|Any CPU
		Release|Any CPU = Release|Any CPU
	EndGlobalSection
	GlobalSection(ProjectConfigurationPlatforms) = postSolution
		{5B022EB8-2B7F-42F3-A6D6-D4469DA6CE37}.Debug|Any CPU.ActiveCfg = Debug|Any CPU
		{5B022EB8-2B7F-42F3-A6D6-D4469DA6CE37}.Debug|Any CPU.Build.0 = Debug|Any CPU
		{5B022EB8-2B7F-42F3-A6D6-D4469DA6CE37}.Release|Any CPU.ActiveCfg = Release|Any CPU
		{5B022EB8-2B7F-42F3-A6D6-D4469DA6CE37}.Release|Any CPU.Build.0 = Release|Any CPU
	EndGlobalSection
	GlobalSection(SolutionProperties) = preSolution
		HideSolutionNode = FALSE
	EndGlobalSection
	GlobalSection(ExtensibilityGlobals) = postSolution
		SolutionGuid = {0239B24A-D2CC-4744-B5B4-9C7DC0189C52}
	EndGlobalSection
EndGlobal
